Microsoft Visual Studio Solution File, Format Version 11.00
# Visual Studio 2008

Project("{BCC029CF-BA7A-DA82-3771-7E5F1FF494F1}") = "RN", "Assembly-CSharp.csproj", "{81F979FD-D21A-E446-3FBE-62ED1F3A5FDA}"
EndProject
Global
	GlobalSection(SolutionConfigurationPlatforms) = preSolution
		Debug|Any CPU = Debug|Any CPU
		Release|Any CPU = Release|Any CPU
	EndGlobalSection
	GlobalSection(ProjectConfigurationPlatforms) = postSolution
		{81F979FD-D21A-E446-3FBE-62ED1F3A5FDA}.Debug|Any CPU.ActiveCfg = Debug|Any CPU
		{81F979FD-D21A-E446-3FBE-62ED1F3A5FDA}.Debug|Any CPU.Build.0 = Debug|Any CPU
		{81F979FD-D21A-E446-3FBE-62ED1F3A5FDA}.Release|Any CPU.ActiveCfg = Release|Any CPU
		{81F979FD-D21A-E446-3FBE-62ED1F3A5FDA}.Release|Any CPU.Build.0 = Release|Any CPU
	EndGlobalSection
	GlobalSection(SolutionProperties) = preSolution
		HideSolutionNode = FALSE
	EndGlobalSection
	GlobalSection(MonoDevelopProperties) = preSolution
		StartupItem = Assembly-CSharp.csproj
	EndGlobalSection
EndGlobal
